
Microsoft Visual Studio Solution File, Format Version 12.00
# Visual Studio Version 17
VisualStudioVersion = 17.11.35219.272
MinimumVisualStudioVersion = 10.0.40219.1
Project("{FAE04EC0-301F-11D3-BF4B-00C04F79EFBC}") = "WPF_Grid1", "WPF_Grid1.csproj", "{88462A8C-52F2-4999-AD9C-3D2C17A7E725}"
EndProject
Global
	GlobalSection(SolutionConfigurationPlatforms) = preSolution
		Debug|Any CPU = Debug|Any CPU
		Release|Any CPU = Release|Any CPU
	EndGlobalSection
	GlobalSection(ProjectConfigurationPlatforms) = postSolution
		{88462A8C-52F2-4999-AD9C-3D2C17A7E725}.Debug|Any CPU.ActiveCfg = Debug|Any CPU
		{88462A8C-52F2-4999-AD9C-3D2C17A7E725}.Debug|Any CPU.Build.0 = Debug|Any CPU
		{88462A8C-52F2-4999-AD9C-3D2C17A7E725}.Release|Any CPU.ActiveCfg = Release|Any CPU
		{88462A8C-52F2-4999-AD9C-3D2C17A7E725}.Release|Any CPU.Build.0 = Release|Any CPU
	EndGlobalSection
	GlobalSection(SolutionProperties) = preSolution
		HideSolutionNode = FALSE
	EndGlobalSection
	GlobalSection(ExtensibilityGlobals) = postSolution
		SolutionGuid = {30B9F8CB-6982-4EF5-B9F4-0853B7F6BDA0}
	EndGlobalSection
EndGlobal
